
Microsoft Visual Studio Solution File, Format Version 12.00
# Visual Studio 15
VisualStudioVersion = 15.0.27004.2002
MinimumVisualStudioVersion = 10.0.40219.1
Project("{888888A0-9F3D-457C-B088-3A5042F75D52}") = "VideogamesCodex", "VideogamesCodex\VideogamesCodex.pyproj", "{6C5BD895-E897-4807-96C3-1306E370537F}"
EndProject
Global
	GlobalSection(SolutionConfigurationPlatforms) = preSolution
		Debug|Any CPU = Debug|Any CPU
		Release|Any CPU = Release|Any CPU
	EndGlobalSection
	GlobalSection(ProjectConfigurationPlatforms) = postSolution
		{6C5BD895-E897-4807-96C3-1306E370537F}.Debug|Any CPU.ActiveCfg = Debug|Any CPU
		{6C5BD895-E897-4807-96C3-1306E370537F}.Debug|Any CPU.Build.0 = Debug|Any CPU
		{6C5BD895-E897-4807-96C3-1306E370537F}.Release|Any CPU.ActiveCfg = Release|Any CPU
		{6C5BD895-E897-4807-96C3-1306E370537F}.Release|Any CPU.Build.0 = Release|Any CPU
	EndGlobalSection
	GlobalSection(SolutionProperties) = preSolution
		HideSolutionNode = FALSE
	EndGlobalSection
	GlobalSection(ExtensibilityGlobals) = postSolution
		SolutionGuid = {A8B7BFE7-39C0-4D2B-AF8A-68D981B28A63}
	EndGlobalSection
EndGlobal
